// !$*UTF8*$!
{
	archiveVersion = 1;
	classes = {
	};
	objectVersion = 56;
	objects = {

/* Begin PBXBuildFile section */
		4143BC9829AFBF4B00CF364D /* UIButton+.swift in Sources */ = {isa = PBXBuildFile; fileRef = 4143BC9729AFBF4B00CF364D /* UIButton+.swift */; };
		417ECB9029AF4BCB006C43AE /* ContentStackView.swift in Sources */ = {isa = PBXBuildFile; fileRef = 417ECB8F29AF4BCB006C43AE /* ContentStackView.swift */; };
		417ECB9229AF5CAC006C43AE /* ImageURLs.swift in Sources */ = {isa = PBXBuildFile; fileRef = 417ECB9129AF5CAC006C43AE /* ImageURLs.swift */; };
		4196535D29AD387200729BBA /* LoadButton.swift in Sources */ = {isa = PBXBuildFile; fileRef = 4196535C29AD387200729BBA /* LoadButton.swift */; };
		419D89DD29A5E90A00CBC2DD /* MainView.swift in Sources */ = {isa = PBXBuildFile; fileRef = 419D89DC29A5E90A00CBC2DD /* MainView.swift */; };
		41ACD69929A538AB00D2FC9F /* AppDelegate.swift in Sources */ = {isa = PBXBuildFile; fileRef = 41ACD69829A538AB00D2FC9F /* AppDelegate.swift */; };
		41ACD69B29A538AB00D2FC9F /* SceneDelegate.swift in Sources */ = {isa = PBXBuildFile; fileRef = 41ACD69A29A538AB00D2FC9F /* SceneDelegate.swift */; };
		41ACD69D29A538AB00D2FC9F /* ViewController.swift in Sources */ = {isa = PBXBuildFile; fileRef = 41ACD69C29A538AB00D2FC9F /* ViewController.swift */; };
		41ACD6A229A538AC00D2FC9F /* Assets.xcassets in Resources */ = {isa = PBXBuildFile; fileRef = 41ACD6A129A538AC00D2FC9F /* Assets.xcassets */; };
		41ACD6A529A538AC00D2FC9F /* LaunchScreen.storyboard in Resources */ = {isa = PBXBuildFile; fileRef = 41ACD6A329A538AC00D2FC9F /* LaunchScreen.storyboard */; };
/* End PBXBuildFile section */

/* Begin PBXFileReference section */
		4143BC9729AFBF4B00CF364D /* UIButton+.swift */ = {isa = PBXFileReference; lastKnownFileType = sourcecode.swift; path = "UIButton+.swift"; sourceTree = "<group>"; };
		417ECB8F29AF4BCB006C43AE /* ContentStackView.swift */ = {isa = PBXFileReference; lastKnownFileType = sourcecode.swift; path = ContentStackView.swift; sourceTree = "<group>"; };
		417ECB9129AF5CAC006C43AE /* ImageURLs.swift */ = {isa = PBXFileReference; lastKnownFileType = sourcecode.swift; path = ImageURLs.swift; sourceTree = "<group>"; };
		4196535C29AD387200729BBA /* LoadButton.swift */ = {isa = PBXFileReference; lastKnownFileType = sourcecode.swift; path = LoadButton.swift; sourceTree = "<group>"; };
		419D89DC29A5E90A00CBC2DD /* MainView.swift */ = {isa = PBXFileReference; lastKnownFileType = sourcecode.swift; path = MainView.swift; sourceTree = "<group>"; };
		41ACD69529A538AB00D2FC9F /* ImageDownload_Program.app */ = {isa = PBXFileReference; explicitFileType = wrapper.application; includeInIndex = 0; path = ImageDownload_Program.app; sourceTree = BUILT_PRODUCTS_DIR; };
		41ACD69829A538AB00D2FC9F /* AppDelegate.swift */ = {isa = PBXFileReference; lastKnownFileType = sourcecode.swift; path = AppDelegate.swift; sourceTree = "<group>"; };
		41ACD69A29A538AB00D2FC9F /* SceneDelegate.swift */ = {isa = PBXFileReference; lastKnownFileType = sourcecode.swift; path = SceneDelegate.swift; sourceTree = "<group>"; };
		41ACD69C29A538AB00D2FC9F /* ViewController.swift */ = {isa = PBXFileReference; lastKnownFileType = sourcecode.swift; path = ViewController.swift; sourceTree = "<group>"; };
		41ACD6A129A538AC00D2FC9F /* Assets.xcassets */ = {isa = PBXFileReference; lastKnownFileType = folder.assetcatalog; path = Assets.xcassets; sourceTree = "<group>"; };
		41ACD6A429A538AC00D2FC9F /* Base */ = {isa = PBXFileReference; lastKnownFileType = file.storyboard; name = Base; path = Base.lproj/LaunchScreen.storyboard; sourceTree = "<group>"; };
		41ACD6A629A538AC00D2FC9F /* Info.plist */ = {isa = PBXFileReference; lastKnownFileType = text.plist.xml; path = Info.plist; sourceTree = "<group>"; };
/* End PBXFileReference section */

/* Begin PBXFrameworksBuildPhase section */
		41ACD69229A538AB00D2FC9F /* Frameworks */ = {
			isa = PBXFrameworksBuildPhase;
			buildActionMask = 2147483647;
			files = (
			);
			runOnlyForDeploymentPostprocessing = 0;
		};
/* End PBXFrameworksBuildPhase section */

/* Begin PBXGroup section */
		4143BC9329AFAFCD00CF364D /* Views */ = {
			isa = PBXGroup;
			children = (
				417ECB8F29AF4BCB006C43AE /* ContentStackView.swift */,
				419D89DC29A5E90A00CBC2DD /* MainView.swift */,
				4196535C29AD387200729BBA /* LoadButton.swift */,
			);
			path = Views;
			sourceTree = "<group>";
		};
		4143BC9429AFAFD400CF364D /* ViewControllers */ = {
			isa = PBXGroup;
			children = (
				41ACD69C29A538AB00D2FC9F /* ViewController.swift */,
			);
			path = ViewControllers;
			sourceTree = "<group>";
		};
		4143BC9529AFAFDD00CF364D /* Helpers */ = {
			isa = PBXGroup;
			children = (
				417ECB9129AF5CAC006C43AE /* ImageURLs.swift */,
			);
			path = Helpers;
			sourceTree = "<group>";
		};
		4143BC9629AFB9CD00CF364D /* App */ = {
			isa = PBXGroup;
			children = (
				41ACD69A29A538AB00D2FC9F /* SceneDelegate.swift */,
				41ACD69829A538AB00D2FC9F /* AppDelegate.swift */,
				41ACD6A129A538AC00D2FC9F /* Assets.xcassets */,
				41ACD6A629A538AC00D2FC9F /* Info.plist */,
				41ACD6A329A538AC00D2FC9F /* LaunchScreen.storyboard */,
			);
			path = App;
			sourceTree = "<group>";
		};
		4143BC9929AFBF5500CF364D /* Extension */ = {
			isa = PBXGroup;
			children = (
				4143BC9729AFBF4B00CF364D /* UIButton+.swift */,
			);
			path = Extension;
			sourceTree = "<group>";
		};
		41ACD68C29A538AB00D2FC9F = {
			isa = PBXGroup;
			children = (
				41ACD69729A538AB00D2FC9F /* ImageDownload_Program */,
				41ACD69629A538AB00D2FC9F /* Products */,
			);
			sourceTree = "<group>";
		};
		41ACD69629A538AB00D2FC9F /* Products */ = {
			isa = PBXGroup;
			children = (
				41ACD69529A538AB00D2FC9F /* ImageDownload_Program.app */,
			);
			name = Products;
			sourceTree = "<group>";
		};
		41ACD69729A538AB00D2FC9F /* ImageDownload_Program */ = {
			isa = PBXGroup;
			children = (
				4143BC9629AFB9CD00CF364D /* App */,
				4143BC9529AFAFDD00CF364D /* Helpers */,
				4143BC9429AFAFD400CF364D /* ViewControllers */,
				4143BC9329AFAFCD00CF364D /* Views */,
				4143BC9929AFBF5500CF364D /* Extension */,
			);
			path = ImageDownload_Program;
			sourceTree = "<group>";
		};
/* End PBXGroup section */

/* Begin PBXNativeTarget section */
		41ACD69429A538AB00D2FC9F /* ImageDownload_Program */ = {
			isa = PBXNativeTarget;
			buildConfigurationList = 41ACD6A929A538AC00D2FC9F /* Build configuration list for PBXNativeTarget "ImageDownload_Program" */;
			buildPhases = (
				41ACD69129A538AB00D2FC9F /* Sources */,
				41ACD69229A538AB00D2FC9F /* Frameworks */,
				41ACD69329A538AB00D2FC9F /* Resources */,
			);
			buildRules = (
			);
			dependencies = (
			);
			name = ImageDownload_Program;
			packageProductDependencies = (
			);
			productName = ImageDownload_Program;
			productReference = 41ACD69529A538AB00D2FC9F /* ImageDownload_Program.app */;
			productType = "com.apple.product-type.application";
		};
/* End PBXNativeTarget section */

/* Begin PBXProject section */
		41ACD68D29A538AB00D2FC9F /* Project object */ = {
			isa = PBXProject;
			attributes = {
				BuildIndependentTargetsInParallel = 1;
				LastSwiftUpdateCheck = 1420;
				LastUpgradeCheck = 1420;
				TargetAttributes = {
					41ACD69429A538AB00D2FC9F = {
						CreatedOnToolsVersion = 14.2;
					};
				};
			};
			buildConfigurationList = 41ACD69029A538AB00D2FC9F /* Build configuration list for PBXProject "ImageDownload_Program" */;
			compatibilityVersion = "Xcode 14.0";
			developmentRegion = en;
			hasScannedForEncodings = 0;
			knownRegions = (
				en,
				Base,
			);
			mainGroup = 41ACD68C29A538AB00D2FC9F;
			packageReferences = (
			);
			productRefGroup = 41ACD69629A538AB00D2FC9F /* Products */;
			projectDirPath = "";
			projectRoot = "";
			targets = (
				41ACD69429A538AB00D2FC9F /* ImageDownload_Program */,
			);
		};
/* End PBXProject section */

/* Begin PBXResourcesBuildPhase section */
		41ACD69329A538AB00D2FC9F /* Resources */ = {
			isa = PBXResourcesBuildPhase;
			buildActionMask = 2147483647;
			files = (
				41ACD6A529A538AC00D2FC9F /* LaunchScreen.storyboard in Resources */,
				41ACD6A229A538AC00D2FC9F /* Assets.xcassets in Resources */,
			);
			runOnlyForDeploymentPostprocessing = 0;
		};
/* End PBXResourcesBuildPhase section */

/* Begin PBXSourcesBuildPhase section */
		41ACD69129A538AB00D2FC9F /* Sources */ = {
			isa = PBXSourcesBuildPhase;
			buildActionMask = 2147483647;
			files = (
				419D89DD29A5E90A00CBC2DD /* MainView.swift in Sources */,
				417ECB9229AF5CAC006C43AE /* ImageURLs.swift in Sources */,
				4196535D29AD387200729BBA /* LoadButton.swift in Sources */,
				41ACD69D29A538AB00D2FC9F /* ViewController.swift in Sources */,
				41ACD69929A538AB00D2FC9F /* AppDelegate.swift in Sources */,
				417ECB9029AF4BCB006C43AE /* ContentStackView.swift in Sources */,
				41ACD69B29A538AB00D2FC9F /* SceneDelegate.swift in Sources */,
				4143BC9829AFBF4B00CF364D /* UIButton+.swift in Sources */,
			);
			runOnlyForDeploymentPostprocessing = 0;
		};
/* End PBXSourcesBuildPhase section */

/* Begin PBXVariantGroup section */
		41ACD6A329A538AC00D2FC9F /* LaunchScreen.storyboard */ = {
			isa = PBXVariantGroup;
			children = (
				41ACD6A429A538AC00D2FC9F /* Base */,
			);
			name = LaunchScreen.storyboard;
			sourceTree = "<group>";
		};
/* End PBXVariantGroup section */

/* Begin XCBuildConfiguration section */
		41ACD6A729A538AC00D2FC9F /* Debug */ = {
			isa = XCBuildConfiguration;
			buildSettings = {
				ALWAYS_SEARCH_USER_PATHS = NO;
				CLANG_ANALYZER_NONNULL = YES;
				CLANG_ANALYZER_NUMBER_OBJECT_CONVERSION = YES_AGGRESSIVE;
				CLANG_CXX_LANGUAGE_STANDARD = "gnu++20";
				CLANG_ENABLE_MODULES = YES;
				CLANG_ENABLE_OBJC_ARC = YES;
				CLANG_ENABLE_OBJC_WEAK = YES;
				CLANG_WARN_BLOCK_CAPTURE_AUTORELEASING = YES;
				CLANG_WARN_BOOL_CONVERSION = YES;
				CLANG_WARN_COMMA = YES;
				CLANG_WARN_CONSTANT_CONVERSION = YES;
				CLANG_WARN_DEPRECATED_OBJC_IMPLEMENTATIONS = YES;
				CLANG_WARN_DIRECT_OBJC_ISA_USAGE = YES_ERROR;
				CLANG_WARN_DOCUMENTATION_COMMENTS = YES;
				CLANG_WARN_EMPTY_BODY = YES;
				CLANG_WARN_ENUM_CONVERSION = YES;
				CLANG_WARN_INFINITE_RECURSION = YES;
				CLANG_WARN_INT_CONVERSION = YES;
				CLANG_WARN_NON_LITERAL_NULL_CONVERSION = YES;
				CLANG_WARN_OBJC_IMPLICIT_RETAIN_SELF = YES;
				CLANG_WARN_OBJC_LITERAL_CONVERSION = YES;
				CLANG_WARN_OBJC_ROOT_CLASS = YES_ERROR;
				CLANG_WARN_QUOTED_INCLUDE_IN_FRAMEWORK_HEADER = YES;
				CLANG_WARN_RANGE_LOOP_ANALYSIS = YES;
				CLANG_WARN_STRICT_PROTOTYPES = YES;
				CLANG_WARN_SUSPICIOUS_MOVE = YES;
				CLANG_WARN_UNGUARDED_AVAILABILITY = YES_AGGRESSIVE;
				CLANG_WARN_UNREACHABLE_CODE = YES;
				CLANG_WARN__DUPLICATE_METHOD_MATCH = YES;
				COPY_PHASE_STRIP = NO;
				DEBUG_INFORMATION_FORMAT = dwarf;
				ENABLE_STRICT_OBJC_MSGSEND = YES;
				ENABLE_TESTABILITY = YES;
				GCC_C_LANGUAGE_STANDARD = gnu11;
				GCC_DYNAMIC_NO_PIC = NO;
				GCC_NO_COMMON_BLOCKS = YES;
				GCC_OPTIMIZATION_LEVEL = 0;
				GCC_PREPROCESSOR_DEFINITIONS = (
					"DEBUG=1",
					"$(inherited)",
				);
				GCC_WARN_64_TO_32_BIT_CONVERSION = YES;
				GCC_WARN_ABOUT_RETURN_TYPE = YES_ERROR;
				GCC_WARN_UNDECLARED_SELECTOR = YES;
				GCC_WARN_UNINITIALIZED_AUTOS = YES_AGGRESSIVE;
				GCC_WARN_UNUSED_FUNCTION = YES;
				GCC_WARN_UNUSED_VARIABLE = YES;
				IPHONEOS_DEPLOYMENT_TARGET = 16.2;
				MTL_ENABLE_DEBUG_INFO = INCLUDE_SOURCE;
				MTL_FAST_MATH = YES;
				ONLY_ACTIVE_ARCH = YES;
				SDKROOT = iphoneos;
				SWIFT_ACTIVE_COMPILATION_CONDITIONS = DEBUG;
				SWIFT_OPTIMIZATION_LEVEL = "-Onone";
			};
			name = Debug;
		};
		41ACD6A829A538AC00D2FC9F /* Release */ = {
			isa = XCBuildConfiguration;
			buildSettings = {
				ALWAYS_SEARCH_USER_PATHS = NO;
				CLANG_ANALYZER_NONNULL = YES;
				CLANG_ANALYZER_NUMBER_OBJECT_CONVERSION = YES_AGGRESSIVE;
				CLANG_CXX_LANGUAGE_STANDARD = "gnu++20";
				CLANG_ENABLE_MODULES = YES;
				CLANG_ENABLE_OBJC_ARC = YES;
				CLANG_ENABLE_OBJC_WEAK = YES;
				CLANG_WARN_BLOCK_CAPTURE_AUTORELEASING = YES;
				CLANG_WARN_BOOL_CONVERSION = YES;
				CLANG_WARN_COMMA = YES;
				CLANG_WARN_CONSTANT_CONVERSION = YES;
				CLANG_WARN_DEPRECATED_OBJC_IMPLEMENTATIONS = YES;
				CLANG_WARN_DIRECT_OBJC_ISA_USAGE = YES_ERROR;
				CLANG_WARN_DOCUMENTATION_COMMENTS = YES;
				CLANG_WARN_EMPTY_BODY = YES;
				CLANG_WARN_ENUM_CONVERSION = YES;
				CLANG_WARN_INFINITE_RECURSION = YES;
				CLANG_WARN_INT_CONVERSION = YES;
				CLANG_WARN_NON_LITERAL_NULL_CONVERSION = YES;
				CLANG_WARN_OBJC_IMPLICIT_RETAIN_SELF = YES;
				CLANG_WARN_OBJC_LITERAL_CONVERSION = YES;
				CLANG_WARN_OBJC_ROOT_CLASS = YES_ERROR;
				CLANG_WARN_QUOTED_INCLUDE_IN_FRAMEWORK_HEADER = YES;
				CLANG_WARN_RANGE_LOOP_ANALYSIS = YES;
				CLANG_WARN_STRICT_PROTOTYPES = YES;
				CLANG_WARN_SUSPICIOUS_MOVE = YES;
				CLANG_WARN_UNGUARDED_AVAILABILITY = YES_AGGRESSIVE;
				CLANG_WARN_UNREACHABLE_CODE = YES;
				CLANG_WARN__DUPLICATE_METHOD_MATCH = YES;
				COPY_PHASE_STRIP = NO;
				DEBUG_INFORMATION_FORMAT = "dwarf-with-dsym";
				ENABLE_NS_ASSERTIONS = NO;
				ENABLE_STRICT_OBJC_MSGSEND = YES;
				GCC_C_LANGUAGE_STANDARD = gnu11;
				GCC_NO_COMMON_BLOCKS = YES;
				GCC_WARN_64_TO_32_BIT_CONVERSION = YES;
				GCC_WARN_ABOUT_RETURN_TYPE = YES_ERROR;
				GCC_WARN_UNDECLARED_SELECTOR = YES;
				GCC_WARN_UNINITIALIZED_AUTOS = YES_AGGRESSIVE;
				GCC_WARN_UNUSED_FUNCTION = YES;
				GCC_WARN_UNUSED_VARIABLE = YES;
				IPHONEOS_DEPLOYMENT_TARGET = 16.2;
				MTL_ENABLE_DEBUG_INFO = NO;
				MTL_FAST_MATH = YES;
				SDKROOT = iphoneos;
				SWIFT_COMPILATION_MODE = wholemodule;
				SWIFT_OPTIMIZATION_LEVEL = "-O";
				VALIDATE_PRODUCT = YES;
			};
			name = Release;
		};
		41ACD6AA29A538AC00D2FC9F /* Debug */ = {
			isa = XCBuildConfiguration;
			buildSettings = {
				ASSETCATALOG_COMPILER_APPICON_NAME = AppIcon;
				ASSETCATALOG_COMPILER_GLOBAL_ACCENT_COLOR_NAME = AccentColor;
				CODE_SIGN_STYLE = Automatic;
				CURRENT_PROJECT_VERSION = 1;
				DEVELOPMENT_TEAM = UAG934M4Q7;
				GENERATE_INFOPLIST_FILE = YES;
				INFOPLIST_FILE = ImageDownload_Program/App/Info.plist;
				INFOPLIST_KEY_UIApplicationSupportsIndirectInputEvents = YES;
				INFOPLIST_KEY_UILaunchStoryboardName = LaunchScreen;
				INFOPLIST_KEY_UIMainStoryboardFile = "";
				INFOPLIST_KEY_UISupportedInterfaceOrientations_iPad = "UIInterfaceOrientationPortrait UIInterfaceOrientationPortraitUpsideDown UIInterfaceOrientationLandscapeLeft UIInterfaceOrientationLandscapeRight";
				INFOPLIST_KEY_UISupportedInterfaceOrientations_iPhone = "UIInterfaceOrientationPortrait UIInterfaceOrientationLandscapeLeft UIInterfaceOrientationLandscapeRight";
				LD_RUNPATH_SEARCH_PATHS = (
					"$(inherited)",
					"@executable_path/Frameworks",
				);
				MARKETING_VERSION = 1.0;
				PRODUCT_BUNDLE_IDENTIFIER = "com.dongho.ImageDownload-Program";
				PRODUCT_NAME = "$(TARGET_NAME)";
				SWIFT_EMIT_LOC_STRINGS = YES;
				SWIFT_VERSION = 5.0;
				TARGETED_DEVICE_FAMILY = "1,2";
			};
			name = Debug;
		};
		41ACD6AB29A538AC00D2FC9F /* Release */ = {
			isa = XCBuildConfiguration;
			buildSettings = {
				ASSETCATALOG_COMPILER_APPICON_NAME = AppIcon;
				ASSETCATALOG_COMPILER_GLOBAL_ACCENT_COLOR_NAME = AccentColor;
				CODE_SIGN_STYLE = Automatic;
				CURRENT_PROJECT_VERSION = 1;
				DEVELOPMENT_TEAM = UAG934M4Q7;
				GENERATE_INFOPLIST_FILE = YES;
				INFOPLIST_FILE = ImageDownload_Program/App/Info.plist;
				INFOPLIST_KEY_UIApplicationSupportsIndirectInputEvents = YES;
				INFOPLIST_KEY_UILaunchStoryboardName = LaunchScreen;
				INFOPLIST_KEY_UIMainStoryboardFile = "";
				INFOPLIST_KEY_UISupportedInterfaceOrientations_iPad = "UIInterfaceOrientationPortrait UIInterfaceOrientationPortraitUpsideDown UIInterfaceOrientationLandscapeLeft UIInterfaceOrientationLandscapeRight";
				INFOPLIST_KEY_UISupportedInterfaceOrientations_iPhone = "UIInterfaceOrientationPortrait UIInterfaceOrientationLandscapeLeft UIInterfaceOrientationLandscapeRight";
				LD_RUNPATH_SEARCH_PATHS = (
					"$(inherited)",
					"@executable_path/Frameworks",
				);
				MARKETING_VERSION = 1.0;
				PRODUCT_BUNDLE_IDENTIFIER = "com.dongho.ImageDownload-Program";
				PRODUCT_NAME = "$(TARGET_NAME)";
				SWIFT_EMIT_LOC_STRINGS = YES;
				SWIFT_VERSION = 5.0;
				TARGETED_DEVICE_FAMILY = "1,2";
			};
			name = Release;
		};
/* End XCBuildConfiguration section */

/* Begin XCConfigurationList section */
		41ACD69029A538AB00D2FC9F /* Build configuration list for PBXProject "ImageDownload_Program" */ = {
			isa = XCConfigurationList;
			buildConfigurations = (
				41ACD6A729A538AC00D2FC9F /* Debug */,
				41ACD6A829A538AC00D2FC9F /* Release */,
			);
			defaultConfigurationIsVisible = 0;
			defaultConfigurationName = Release;
		};
		41ACD6A929A538AC00D2FC9F /* Build configuration list for PBXNativeTarget "ImageDownload_Program" */ = {
			isa = XCConfigurationList;
			buildConfigurations = (
				41ACD6AA29A538AC00D2FC9F /* Debug */,
				41ACD6AB29A538AC00D2FC9F /* Release */,
			);
			defaultConfigurationIsVisible = 0;
			defaultConfigurationName = Release;
		};
/* End XCConfigurationList section */
	};
	rootObject = 41ACD68D29A538AB00D2FC9F /* Project object */;
}
